
Microsoft Visual Studio Solution File, Format Version 12.00
# Visual Studio 15
VisualStudioVersion = 15.0.28307.572
MinimumVisualStudioVersion = 10.0.40219.1
Project("{FAE04EC0-301F-11D3-BF4B-00C04F79EFBC}") = "FreeCell", "FreeCell\FreeCell.csproj", "{EED60EAC-6912-4670-B0CA-CC135CCD86E8}"
EndProject
Project("{FAE04EC0-301F-11D3-BF4B-00C04F79EFBC}") = "ContentPipeline", "ContentPipeline\ContentPipeline.csproj", "{FA021089-EB67-4048-8A8E-FB7801F1D65E}"
EndProject
Global
	GlobalSection(SolutionConfigurationPlatforms) = preSolution
		Debug|Any CPU = Debug|Any CPU
		Debug|x86 = Debug|x86
		Release|Any CPU = Release|Any CPU
		Release|x86 = Release|x86
	EndGlobalSection
	GlobalSection(ProjectConfigurationPlatforms) = postSolution
		{EED60EAC-6912-4670-B0CA-CC135CCD86E8}.Debug|Any CPU.ActiveCfg = Debug|x86
		{EED60EAC-6912-4670-B0CA-CC135CCD86E8}.Debug|x86.ActiveCfg = Debug|x86
		{EED60EAC-6912-4670-B0CA-CC135CCD86E8}.Debug|x86.Build.0 = Debug|x86
		{EED60EAC-6912-4670-B0CA-CC135CCD86E8}.Release|Any CPU.ActiveCfg = Release|x86
		{EED60EAC-6912-4670-B0CA-CC135CCD86E8}.Release|x86.ActiveCfg = Release|x86
		{EED60EAC-6912-4670-B0CA-CC135CCD86E8}.Release|x86.Build.0 = Release|x86
		{FA021089-EB67-4048-8A8E-FB7801F1D65E}.Debug|Any CPU.ActiveCfg = Debug|Any CPU
		{FA021089-EB67-4048-8A8E-FB7801F1D65E}.Debug|Any CPU.Build.0 = Debug|Any CPU
		{FA021089-EB67-4048-8A8E-FB7801F1D65E}.Debug|x86.ActiveCfg = Debug|Any CPU
		{FA021089-EB67-4048-8A8E-FB7801F1D65E}.Debug|x86.Build.0 = Debug|Any CPU
		{FA021089-EB67-4048-8A8E-FB7801F1D65E}.Release|Any CPU.ActiveCfg = Release|Any CPU
		{FA021089-EB67-4048-8A8E-FB7801F1D65E}.Release|Any CPU.Build.0 = Release|Any CPU
		{FA021089-EB67-4048-8A8E-FB7801F1D65E}.Release|x86.ActiveCfg = Release|Any CPU
		{FA021089-EB67-4048-8A8E-FB7801F1D65E}.Release|x86.Build.0 = Release|Any CPU
	EndGlobalSection
	GlobalSection(SolutionProperties) = preSolution
		HideSolutionNode = FALSE
	EndGlobalSection
	GlobalSection(ExtensibilityGlobals) = postSolution
		SolutionGuid = {DC15DC7E-0EAC-43AA-9EA2-74155922F4E6}
	EndGlobalSection
EndGlobal
