
Microsoft Visual Studio Solution File, Format Version 12.00
# Visual Studio 15
VisualStudioVersion = 15.0.28307.572
MinimumVisualStudioVersion = 10.0.40219.1
Project("{FAE04EC0-301F-11D3-BF4B-00C04F79EFBC}") = "FreeCell", "FreeCell\FreeCell.csproj", "{EED60EAC-6912-4670-B0CA-CC135CCD86E8}"
EndProject
Global
	GlobalSection(SolutionConfigurationPlatforms) = preSolution
		Debug|x86 = Debug|x86
		Release|x86 = Release|x86
	EndGlobalSection
	GlobalSection(ProjectConfigurationPlatforms) = postSolution
		{EED60EAC-6912-4670-B0CA-CC135CCD86E8}.Debug|x86.ActiveCfg = Debug|x86
		{EED60EAC-6912-4670-B0CA-CC135CCD86E8}.Debug|x86.Build.0 = Debug|x86
		{EED60EAC-6912-4670-B0CA-CC135CCD86E8}.Release|x86.ActiveCfg = Release|x86
		{EED60EAC-6912-4670-B0CA-CC135CCD86E8}.Release|x86.Build.0 = Release|x86
	EndGlobalSection
	GlobalSection(SolutionProperties) = preSolution
		HideSolutionNode = FALSE
	EndGlobalSection
	GlobalSection(ExtensibilityGlobals) = postSolution
		SolutionGuid = {DC15DC7E-0EAC-43AA-9EA2-74155922F4E6}
	EndGlobalSection
EndGlobal
